
Microsoft Visual Studio Solution File, Format Version 12.00
# Visual Studio Version 16
VisualStudioVersion = 16.0.31515.178
MinimumVisualStudioVersion = 10.0.40219.1
Project("{8BC9CEB8-8B4A-11D0-8D11-00A0C91BC942}") = "Console_Dungeon v.0.02", "Console_Dungeon v.0.02\Console_Dungeon v.0.02.vcxproj", "{77D0B433-D2A1-4E0E-843F-AEF2747CC4CB}"
EndProject
Global
	GlobalSection(SolutionConfigurationPlatforms) = preSolution
		Debug|x64 = Debug|x64
		Debug|x86 = Debug|x86
		Release|x64 = Release|x64
		Release|x86 = Release|x86
	EndGlobalSection
	GlobalSection(ProjectConfigurationPlatforms) = postSolution
		{77D0B433-D2A1-4E0E-843F-AEF2747CC4CB}.Debug|x64.ActiveCfg = Debug|x64
		{77D0B433-D2A1-4E0E-843F-AEF2747CC4CB}.Debug|x64.Build.0 = Debug|x64
		{77D0B433-D2A1-4E0E-843F-AEF2747CC4CB}.Debug|x86.ActiveCfg = Debug|Win32
		{77D0B433-D2A1-4E0E-843F-AEF2747CC4CB}.Debug|x86.Build.0 = Debug|Win32
		{77D0B433-D2A1-4E0E-843F-AEF2747CC4CB}.Release|x64.ActiveCfg = Release|x64
		{77D0B433-D2A1-4E0E-843F-AEF2747CC4CB}.Release|x64.Build.0 = Release|x64
		{77D0B433-D2A1-4E0E-843F-AEF2747CC4CB}.Release|x86.ActiveCfg = Release|Win32
		{77D0B433-D2A1-4E0E-843F-AEF2747CC4CB}.Release|x86.Build.0 = Release|Win32
	EndGlobalSection
	GlobalSection(SolutionProperties) = preSolution
		HideSolutionNode = FALSE
	EndGlobalSection
	GlobalSection(ExtensibilityGlobals) = postSolution
		SolutionGuid = {4699859A-A964-4413-A559-9AD744EB1F84}
	EndGlobalSection
EndGlobal
